
Microsoft Visual Studio Solution File, Format Version 12.00
# Visual Studio 2013
VisualStudioVersion = 12.0.30501.0
MinimumVisualStudioVersion = 10.0.40219.1
Project("{8BC9CEB8-8B4A-11D0-8D11-00A0C91BC942}") = "SingleControl", "SingleControl.vcxproj", "{E142C9EF-FC7D-3ECE-9D0E-49FD909C0A95}"
EndProject
Global
	GlobalSection(SolutionConfigurationPlatforms) = preSolution
		Debug|x64 = Debug|x64
		Release|x64 = Release|x64
	EndGlobalSection
	GlobalSection(ProjectConfigurationPlatforms) = postSolution
		{E142C9EF-FC7D-3ECE-9D0E-49FD909C0A95}.Debug|x64.ActiveCfg = Debug|x64
		{E142C9EF-FC7D-3ECE-9D0E-49FD909C0A95}.Debug|x64.Build.0 = Debug|x64
		{E142C9EF-FC7D-3ECE-9D0E-49FD909C0A95}.Release|x64.ActiveCfg = Release|x64
		{E142C9EF-FC7D-3ECE-9D0E-49FD909C0A95}.Release|x64.Build.0 = Release|x64
	EndGlobalSection
	GlobalSection(SolutionProperties) = preSolution
		HideSolutionNode = FALSE
	EndGlobalSection
	GlobalSection(ExtensibilityGlobals) = postSolution
		Qt5Version = msvc2015_64
	EndGlobalSection
EndGlobal
